
Microsoft Visual Studio Solution File, Format Version 12.00
# Visual Studio Version 17
VisualStudioVersion = 17.4.33122.133
MinimumVisualStudioVersion = 10.0.40219.1
Project("{FAE04EC0-301F-11D3-BF4B-00C04F79EFBC}") = "CalculadoraWinApp", "CalculadoraWinApp\CalculadoraWinApp.csproj", "{50E9B264-CD1A-4A78-8BD1-9DD6AFB27237}"
EndProject
Global
	GlobalSection(SolutionConfigurationPlatforms) = preSolution
		Debug|Any CPU = Debug|Any CPU
		Release|Any CPU = Release|Any CPU
	EndGlobalSection
	GlobalSection(ProjectConfigurationPlatforms) = postSolution
		{50E9B264-CD1A-4A78-8BD1-9DD6AFB27237}.Debug|Any CPU.ActiveCfg = Debug|Any CPU
		{50E9B264-CD1A-4A78-8BD1-9DD6AFB27237}.Debug|Any CPU.Build.0 = Debug|Any CPU
		{50E9B264-CD1A-4A78-8BD1-9DD6AFB27237}.Release|Any CPU.ActiveCfg = Release|Any CPU
		{50E9B264-CD1A-4A78-8BD1-9DD6AFB27237}.Release|Any CPU.Build.0 = Release|Any CPU
	EndGlobalSection
	GlobalSection(SolutionProperties) = preSolution
		HideSolutionNode = FALSE
	EndGlobalSection
	GlobalSection(ExtensibilityGlobals) = postSolution
		SolutionGuid = {B3AA8F52-884A-4353-AF18-A78C8EC71A0F}
	EndGlobalSection
EndGlobal
